
Microsoft Visual Studio Solution File, Format Version 12.00
# Visual Studio Version 17
VisualStudioVersion = 17.5.33627.172
MinimumVisualStudioVersion = 10.0.40219.1
Project("{FAE04EC0-301F-11D3-BF4B-00C04F79EFBC}") = "Bai1_Gettingstart", "Bai1_Gettingstart\Bai1_Gettingstart.csproj", "{C2E1807C-9F27-49A2-A883-AF46CE2C7821}"
EndProject
Global
	GlobalSection(SolutionConfigurationPlatforms) = preSolution
		Debug|Any CPU = Debug|Any CPU
		Release|Any CPU = Release|Any CPU
	EndGlobalSection
	GlobalSection(ProjectConfigurationPlatforms) = postSolution
		{C2E1807C-9F27-49A2-A883-AF46CE2C7821}.Debug|Any CPU.ActiveCfg = Debug|Any CPU
		{C2E1807C-9F27-49A2-A883-AF46CE2C7821}.Debug|Any CPU.Build.0 = Debug|Any CPU
		{C2E1807C-9F27-49A2-A883-AF46CE2C7821}.Release|Any CPU.ActiveCfg = Release|Any CPU
		{C2E1807C-9F27-49A2-A883-AF46CE2C7821}.Release|Any CPU.Build.0 = Release|Any CPU
	EndGlobalSection
	GlobalSection(SolutionProperties) = preSolution
		HideSolutionNode = FALSE
	EndGlobalSection
	GlobalSection(ExtensibilityGlobals) = postSolution
		SolutionGuid = {563A459E-9B05-4E71-94B4-D346FB9365BC}
	EndGlobalSection
EndGlobal
